
Microsoft Visual Studio Solution File, Format Version 12.00
# Visual Studio Version 17
VisualStudioVersion = 17.0.31912.275
MinimumVisualStudioVersion = 10.0.40219.1
Project("{FAE04EC0-301F-11D3-BF4B-00C04F79EFBC}") = "SWTIdentityServer", "SWTIdentityServer\SWTIdentityServer.csproj", "{571D72CE-1E88-4C4E-9565-7C9FC3B697CE}"
EndProject
Global
	GlobalSection(SolutionConfigurationPlatforms) = preSolution
		Debug|Any CPU = Debug|Any CPU
		Release|Any CPU = Release|Any CPU
	EndGlobalSection
	GlobalSection(ProjectConfigurationPlatforms) = postSolution
		{571D72CE-1E88-4C4E-9565-7C9FC3B697CE}.Debug|Any CPU.ActiveCfg = Debug|Any CPU
		{571D72CE-1E88-4C4E-9565-7C9FC3B697CE}.Debug|Any CPU.Build.0 = Debug|Any CPU
		{571D72CE-1E88-4C4E-9565-7C9FC3B697CE}.Release|Any CPU.ActiveCfg = Release|Any CPU
		{571D72CE-1E88-4C4E-9565-7C9FC3B697CE}.Release|Any CPU.Build.0 = Release|Any CPU
	EndGlobalSection
	GlobalSection(SolutionProperties) = preSolution
		HideSolutionNode = FALSE
	EndGlobalSection
	GlobalSection(ExtensibilityGlobals) = postSolution
		SolutionGuid = {80608349-A578-400E-A988-46FDA2462289}
	EndGlobalSection
EndGlobal
